
Microsoft Visual Studio Solution File, Format Version 12.00
# Visual Studio Version 17
VisualStudioVersion = 17.5.002.0
MinimumVisualStudioVersion = 10.0.40219.1
Project("{2150E333-8FDC-42A3-9474-1A3956D46DE8}") = "csharp-prep", "csharp-prep", "{34A8773C-92FC-4263-90FB-2A7710A3944E}"
EndProject
Project("{9A19103F-16F7-4668-BE54-9A1E7A4F7556}") = "Prep1", "csharp-prep\Prep1\Prep1.csproj", "{24F1AF08-5ACF-4AEF-AA88-9460C4456CCD}"
EndProject
Project("{9A19103F-16F7-4668-BE54-9A1E7A4F7556}") = "Prep2", "csharp-prep\Prep2\Prep2.csproj", "{069AE8BD-E336-4EDD-A22B-BB188DF8C5F7}"
EndProject
Project("{9A19103F-16F7-4668-BE54-9A1E7A4F7556}") = "Prep3", "csharp-prep\Prep3\Prep3.csproj", "{EBF554E4-B256-414C-AAAF-3F742F780732}"
EndProject
Project("{9A19103F-16F7-4668-BE54-9A1E7A4F7556}") = "Prep4", "csharp-prep\Prep4\Prep4.csproj", "{B8FB196F-0198-4C11-80FA-99B5D6217B51}"
EndProject
Project("{9A19103F-16F7-4668-BE54-9A1E7A4F7556}") = "Prep5", "csharp-prep\Prep5\Prep5.csproj", "{2DDC0DAF-854D-4679-8F9F-90E358B73638}"
EndProject
Project("{2150E333-8FDC-42A3-9474-1A3956D46DE8}") = "final", "final", "{B8D80576-EFD8-4352-9B0F-851224C22A79}"
EndProject
Project("{9A19103F-16F7-4668-BE54-9A1E7A4F7556}") = "FinalProject", "final\FinalProject\FinalProject.csproj", "{AADD3627-3657-4B4E-8B3B-62A6793C6464}"
EndProject
Project("{9A19103F-16F7-4668-BE54-9A1E7A4F7556}") = "Foundation1", "final\Foundation1\Foundation1.csproj", "{7B226903-EB21-4E22-B4C7-CBDBDEB1A78C}"
EndProject
Project("{9A19103F-16F7-4668-BE54-9A1E7A4F7556}") = "Foundation2", "final\Foundation2\Foundation2.csproj", "{199986DB-C38E-46FF-83C6-8255738A215E}"
EndProject
Project("{9A19103F-16F7-4668-BE54-9A1E7A4F7556}") = "Foundation3", "final\Foundation3\Foundation3.csproj", "{A4EB2394-8C0A-4EE0-B3E8-8B30EC4AB9E8}"
EndProject
Project("{9A19103F-16F7-4668-BE54-9A1E7A4F7556}") = "Foundation4", "final\Foundation4\Foundation4.csproj", "{407FE177-FF1D-4011-965F-B3A6264A2538}"
EndProject
Project("{2150E333-8FDC-42A3-9474-1A3956D46DE8}") = "prepare", "prepare", "{E304A26C-D0A2-435E-BDB4-BEE19CCFE516}"
EndProject
Project("{9A19103F-16F7-4668-BE54-9A1E7A4F7556}") = "Learning02", "prepare\Learning02\Learning02.csproj", "{15F2D3ED-24CD-4704-A832-AF6427084AE5}"
EndProject
Project("{9A19103F-16F7-4668-BE54-9A1E7A4F7556}") = "Learning03", "prepare\Learning03\Learning03.csproj", "{C4EC174B-EB2E-4093-B36B-8C9EC1C037E8}"
EndProject
Project("{9A19103F-16F7-4668-BE54-9A1E7A4F7556}") = "Learning04", "prepare\Learning04\Learning04.csproj", "{9ED6B9C8-2C13-4CD7-A66D-C02949C2D3CA}"
EndProject
Project("{9A19103F-16F7-4668-BE54-9A1E7A4F7556}") = "Learning05", "prepare\Learning05\Learning05.csproj", "{4C49D9B3-47E1-4FEE-B300-B84816E75B9D}"
EndProject
Project("{2150E333-8FDC-42A3-9474-1A3956D46DE8}") = "prove", "prove", "{66559A6B-B4B1-4F7D-B74F-08148AEDAB1D}"
EndProject
Project("{9A19103F-16F7-4668-BE54-9A1E7A4F7556}") = "Develop02", "prove\Develop02\Develop02.csproj", "{33F80BA7-53E4-4FBF-A5B4-8ACBF2C23E19}"
EndProject
Project("{9A19103F-16F7-4668-BE54-9A1E7A4F7556}") = "Develop03", "prove\Develop03\Develop03.csproj", "{38A8B3FA-1EAB-4BB8-B061-A3AADFEDE11E}"
EndProject
Project("{9A19103F-16F7-4668-BE54-9A1E7A4F7556}") = "Develop04", "prove\Develop04\Develop04.csproj", "{72EF20C1-6588-403B-AEB3-A53D9FC36FAD}"
EndProject
Project("{9A19103F-16F7-4668-BE54-9A1E7A4F7556}") = "Develop05", "prove\Develop05\Develop05.csproj", "{5A4177C5-CB5E-43C8-9E78-441220F0C73E}"
EndProject
Project("{2150E333-8FDC-42A3-9474-1A3956D46DE8}") = "sandbox", "sandbox", "{AD601A24-8B9F-4EBB-8176-69B5FD91022A}"
EndProject
Project("{9A19103F-16F7-4668-BE54-9A1E7A4F7556}") = "Sandbox", "sandbox\Sandbox\Sandbox.csproj", "{F4F26111-DFAE-4BFF-97DD-B75F9872BAD0}"
EndProject
Global
	GlobalSection(SolutionConfigurationPlatforms) = preSolution
		Debug|Any CPU = Debug|Any CPU
		Release|Any CPU = Release|Any CPU
	EndGlobalSection
	GlobalSection(ProjectConfigurationPlatforms) = postSolution
		{24F1AF08-5ACF-4AEF-AA88-9460C4456CCD}.Debug|Any CPU.ActiveCfg = Debug|Any CPU
		{24F1AF08-5ACF-4AEF-AA88-9460C4456CCD}.Debug|Any CPU.Build.0 = Debug|Any CPU
		{24F1AF08-5ACF-4AEF-AA88-9460C4456CCD}.Release|Any CPU.ActiveCfg = Release|Any CPU
		{24F1AF08-5ACF-4AEF-AA88-9460C4456CCD}.Release|Any CPU.Build.0 = Release|Any CPU
		{069AE8BD-E336-4EDD-A22B-BB188DF8C5F7}.Debug|Any CPU.ActiveCfg = Debug|Any CPU
		{069AE8BD-E336-4EDD-A22B-BB188DF8C5F7}.Debug|Any CPU.Build.0 = Debug|Any CPU
		{069AE8BD-E336-4EDD-A22B-BB188DF8C5F7}.Release|Any CPU.ActiveCfg = Release|Any CPU
		{069AE8BD-E336-4EDD-A22B-BB188DF8C5F7}.Release|Any CPU.Build.0 = Release|Any CPU
		{EBF554E4-B256-414C-AAAF-3F742F780732}.Debug|Any CPU.ActiveCfg = Debug|Any CPU
		{EBF554E4-B256-414C-AAAF-3F742F780732}.Debug|Any CPU.Build.0 = Debug|Any CPU
		{EBF554E4-B256-414C-AAAF-3F742F780732}.Release|Any CPU.ActiveCfg = Release|Any CPU
		{EBF554E4-B256-414C-AAAF-3F742F780732}.Release|Any CPU.Build.0 = Release|Any CPU
		{B8FB196F-0198-4C11-80FA-99B5D6217B51}.Debug|Any CPU.ActiveCfg = Debug|Any CPU
		{B8FB196F-0198-4C11-80FA-99B5D6217B51}.Debug|Any CPU.Build.0 = Debug|Any CPU
		{B8FB196F-0198-4C11-80FA-99B5D6217B51}.Release|Any CPU.ActiveCfg = Release|Any CPU
		{B8FB196F-0198-4C11-80FA-99B5D6217B51}.Release|Any CPU.Build.0 = Release|Any CPU
		{2DDC0DAF-854D-4679-8F9F-90E358B73638}.Debug|Any CPU.ActiveCfg = Debug|Any CPU
		{2DDC0DAF-854D-4679-8F9F-90E358B73638}.Debug|Any CPU.Build.0 = Debug|Any CPU
		{2DDC0DAF-854D-4679-8F9F-90E358B73638}.Release|Any CPU.ActiveCfg = Release|Any CPU
		{2DDC0DAF-854D-4679-8F9F-90E358B73638}.Release|Any CPU.Build.0 = Release|Any CPU
		{AADD3627-3657-4B4E-8B3B-62A6793C6464}.Debug|Any CPU.ActiveCfg = Debug|Any CPU
		{AADD3627-3657-4B4E-8B3B-62A6793C6464}.Debug|Any CPU.Build.0 = Debug|Any CPU
		{AADD3627-3657-4B4E-8B3B-62A6793C6464}.Release|Any CPU.ActiveCfg = Release|Any CPU
		{AADD3627-3657-4B4E-8B3B-62A6793C6464}.Release|Any CPU.Build.0 = Release|Any CPU
		{7B226903-EB21-4E22-B4C7-CBDBDEB1A78C}.Debug|Any CPU.ActiveCfg = Debug|Any CPU
		{7B226903-EB21-4E22-B4C7-CBDBDEB1A78C}.Debug|Any CPU.Build.0 = Debug|Any CPU
		{7B226903-EB21-4E22-B4C7-CBDBDEB1A78C}.Release|Any CPU.ActiveCfg = Release|Any CPU
		{7B226903-EB21-4E22-B4C7-CBDBDEB1A78C}.Release|Any CPU.Build.0 = Release|Any CPU
		{199986DB-C38E-46FF-83C6-8255738A215E}.Debug|Any CPU.ActiveCfg = Debug|Any CPU
		{199986DB-C38E-46FF-83C6-8255738A215E}.Debug|Any CPU.Build.0 = Debug|Any CPU
		{199986DB-C38E-46FF-83C6-8255738A215E}.Release|Any CPU.ActiveCfg = Release|Any CPU
		{199986DB-C38E-46FF-83C6-8255738A215E}.Release|Any CPU.Build.0 = Release|Any CPU
		{A4EB2394-8C0A-4EE0-B3E8-8B30EC4AB9E8}.Debug|Any CPU.ActiveCfg = Debug|Any CPU
		{A4EB2394-8C0A-4EE0-B3E8-8B30EC4AB9E8}.Debug|Any CPU.Build.0 = Debug|Any CPU
		{A4EB2394-8C0A-4EE0-B3E8-8B30EC4AB9E8}.Release|Any CPU.ActiveCfg = Release|Any CPU
		{A4EB2394-8C0A-4EE0-B3E8-8B30EC4AB9E8}.Release|Any CPU.Build.0 = Release|Any CPU
		{407FE177-FF1D-4011-965F-B3A6264A2538}.Debug|Any CPU.ActiveCfg = Debug|Any CPU
		{407FE177-FF1D-4011-965F-B3A6264A2538}.Debug|Any CPU.Build.0 = Debug|Any CPU
		{407FE177-FF1D-4011-965F-B3A6264A2538}.Release|Any CPU.ActiveCfg = Release|Any CPU
		{407FE177-FF1D-4011-965F-B3A6264A2538}.Release|Any CPU.Build.0 = Release|Any CPU
		{15F2D3ED-24CD-4704-A832-AF6427084AE5}.Debug|Any CPU.ActiveCfg = Debug|Any CPU
		{15F2D3ED-24CD-4704-A832-AF6427084AE5}.Debug|Any CPU.Build.0 = Debug|Any CPU
		{15F2D3ED-24CD-4704-A832-AF6427084AE5}.Release|Any CPU.ActiveCfg = Release|Any CPU
		{15F2D3ED-24CD-4704-A832-AF6427084AE5}.Release|Any CPU.Build.0 = Release|Any CPU
		{C4EC174B-EB2E-4093-B36B-8C9EC1C037E8}.Debug|Any CPU.ActiveCfg = Debug|Any CPU
		{C4EC174B-EB2E-4093-B36B-8C9EC1C037E8}.Debug|Any CPU.Build.0 = Debug|Any CPU
		{C4EC174B-EB2E-4093-B36B-8C9EC1C037E8}.Release|Any CPU.ActiveCfg = Release|Any CPU
		{C4EC174B-EB2E-4093-B36B-8C9EC1C037E8}.Release|Any CPU.Build.0 = Release|Any CPU
		{9ED6B9C8-2C13-4CD7-A66D-C02949C2D3CA}.Debug|Any CPU.ActiveCfg = Debug|Any CPU
		{9ED6B9C8-2C13-4CD7-A66D-C02949C2D3CA}.Debug|Any CPU.Build.0 = Debug|Any CPU
		{9ED6B9C8-2C13-4CD7-A66D-C02949C2D3CA}.Release|Any CPU.ActiveCfg = Release|Any CPU
		{9ED6B9C8-2C13-4CD7-A66D-C02949C2D3CA}.Release|Any CPU.Build.0 = Release|Any CPU
		{4C49D9B3-47E1-4FEE-B300-B84816E75B9D}.Debug|Any CPU.ActiveCfg = Debug|Any CPU
		{4C49D9B3-47E1-4FEE-B300-B84816E75B9D}.Debug|Any CPU.Build.0 = Debug|Any CPU
		{4C49D9B3-47E1-4FEE-B300-B84816E75B9D}.Release|Any CPU.ActiveCfg = Release|Any CPU
		{4C49D9B3-47E1-4FEE-B300-B84816E75B9D}.Release|Any CPU.Build.0 = Release|Any CPU
		{33F80BA7-53E4-4FBF-A5B4-8ACBF2C23E19}.Debug|Any CPU.ActiveCfg = Debug|Any CPU
		{33F80BA7-53E4-4FBF-A5B4-8ACBF2C23E19}.Debug|Any CPU.Build.0 = Debug|Any CPU
		{33F80BA7-53E4-4FBF-A5B4-8ACBF2C23E19}.Release|Any CPU.ActiveCfg = Release|Any CPU
		{33F80BA7-53E4-4FBF-A5B4-8ACBF2C23E19}.Release|Any CPU.Build.0 = Release|Any CPU
		{38A8B3FA-1EAB-4BB8-B061-A3AADFEDE11E}.Debug|Any CPU.ActiveCfg = Debug|Any CPU
		{38A8B3FA-1EAB-4BB8-B061-A3AADFEDE11E}.Debug|Any CPU.Build.0 = Debug|Any CPU
		{38A8B3FA-1EAB-4BB8-B061-A3AADFEDE11E}.Release|Any CPU.ActiveCfg = Release|Any CPU
		{38A8B3FA-1EAB-4BB8-B061-A3AADFEDE11E}.Release|Any CPU.Build.0 = Release|Any CPU
		{72EF20C1-6588-403B-AEB3-A53D9FC36FAD}.Debug|Any CPU.ActiveCfg = Debug|Any CPU
		{72EF20C1-6588-403B-AEB3-A53D9FC36FAD}.Debug|Any CPU.Build.0 = Debug|Any CPU
		{72EF20C1-6588-403B-AEB3-A53D9FC36FAD}.Release|Any CPU.ActiveCfg = Release|Any CPU
		{72EF20C1-6588-403B-AEB3-A53D9FC36FAD}.Release|Any CPU.Build.0 = Release|Any CPU
		{5A4177C5-CB5E-43C8-9E78-441220F0C73E}.Debug|Any CPU.ActiveCfg = Debug|Any CPU
		{5A4177C5-CB5E-43C8-9E78-441220F0C73E}.Debug|Any CPU.Build.0 = Debug|Any CPU
		{5A4177C5-CB5E-43C8-9E78-441220F0C73E}.Release|Any CPU.ActiveCfg = Release|Any CPU
		{5A4177C5-CB5E-43C8-9E78-441220F0C73E}.Release|Any CPU.Build.0 = Release|Any CPU
		{F4F26111-DFAE-4BFF-97DD-B75F9872BAD0}.Debug|Any CPU.ActiveCfg = Debug|Any CPU
		{F4F26111-DFAE-4BFF-97DD-B75F9872BAD0}.Debug|Any CPU.Build.0 = Debug|Any CPU
		{F4F26111-DFAE-4BFF-97DD-B75F9872BAD0}.Release|Any CPU.ActiveCfg = Release|Any CPU
		{F4F26111-DFAE-4BFF-97DD-B75F9872BAD0}.Release|Any CPU.Build.0 = Release|Any CPU
	EndGlobalSection
	GlobalSection(SolutionProperties) = preSolution
		HideSolutionNode = FALSE
	EndGlobalSection
	GlobalSection(NestedProjects) = preSolution
		{24F1AF08-5ACF-4AEF-AA88-9460C4456CCD} = {34A8773C-92FC-4263-90FB-2A7710A3944E}
		{069AE8BD-E336-4EDD-A22B-BB188DF8C5F7} = {34A8773C-92FC-4263-90FB-2A7710A3944E}
		{EBF554E4-B256-414C-AAAF-3F742F780732} = {34A8773C-92FC-4263-90FB-2A7710A3944E}
		{B8FB196F-0198-4C11-80FA-99B5D6217B51} = {34A8773C-92FC-4263-90FB-2A7710A3944E}
		{2DDC0DAF-854D-4679-8F9F-90E358B73638} = {34A8773C-92FC-4263-90FB-2A7710A3944E}
		{AADD3627-3657-4B4E-8B3B-62A6793C6464} = {B8D80576-EFD8-4352-9B0F-851224C22A79}
		{7B226903-EB21-4E22-B4C7-CBDBDEB1A78C} = {B8D80576-EFD8-4352-9B0F-851224C22A79}
		{199986DB-C38E-46FF-83C6-8255738A215E} = {B8D80576-EFD8-4352-9B0F-851224C22A79}
		{A4EB2394-8C0A-4EE0-B3E8-8B30EC4AB9E8} = {B8D80576-EFD8-4352-9B0F-851224C22A79}
		{407FE177-FF1D-4011-965F-B3A6264A2538} = {B8D80576-EFD8-4352-9B0F-851224C22A79}
		{15F2D3ED-24CD-4704-A832-AF6427084AE5} = {E304A26C-D0A2-435E-BDB4-BEE19CCFE516}
		{C4EC174B-EB2E-4093-B36B-8C9EC1C037E8} = {E304A26C-D0A2-435E-BDB4-BEE19CCFE516}
		{9ED6B9C8-2C13-4CD7-A66D-C02949C2D3CA} = {E304A26C-D0A2-435E-BDB4-BEE19CCFE516}
		{4C49D9B3-47E1-4FEE-B300-B84816E75B9D} = {E304A26C-D0A2-435E-BDB4-BEE19CCFE516}
		{33F80BA7-53E4-4FBF-A5B4-8ACBF2C23E19} = {66559A6B-B4B1-4F7D-B74F-08148AEDAB1D}
		{38A8B3FA-1EAB-4BB8-B061-A3AADFEDE11E} = {66559A6B-B4B1-4F7D-B74F-08148AEDAB1D}
		{72EF20C1-6588-403B-AEB3-A53D9FC36FAD} = {66559A6B-B4B1-4F7D-B74F-08148AEDAB1D}
		{5A4177C5-CB5E-43C8-9E78-441220F0C73E} = {66559A6B-B4B1-4F7D-B74F-08148AEDAB1D}
		{F4F26111-DFAE-4BFF-97DD-B75F9872BAD0} = {AD601A24-8B9F-4EBB-8176-69B5FD91022A}
	EndGlobalSection
	GlobalSection(ExtensibilityGlobals) = postSolution
		SolutionGuid = {08DC5217-BCCA-4BB6-BDB9-741CD086A891}
	EndGlobalSection
EndGlobal
